
Microsoft Visual Studio Solution File, Format Version 12.00
# Visual Studio 2012
Project("{FAE04EC0-301F-11D3-BF4B-00C04F79EFBC}") = "Web", "Web\Web.csproj", "{6132ADCA-8E57-4A69-A263-1C06D2AE40DA}"
	ProjectSection(ProjectDependencies) = postProject
		{23477F75-C991-4825-9F50-C72A95F8ECC7} = {23477F75-C991-4825-9F50-C72A95F8ECC7}
	EndProjectSection
EndProject
Project("{FAE04EC0-301F-11D3-BF4B-00C04F79EFBC}") = "DBUtility", "DBUtility\DBUtility.csproj", "{DEAB343E-EE30-4666-8BFE-2170569FFF0E}"
EndProject
Project("{FAE04EC0-301F-11D3-BF4B-00C04F79EFBC}") = "BLL", "BLL\BLL.csproj", "{23477F75-C991-4825-9F50-C72A95F8ECC7}"
	ProjectSection(ProjectDependencies) = postProject
		{DEAB343E-EE30-4666-8BFE-2170569FFF0E} = {DEAB343E-EE30-4666-8BFE-2170569FFF0E}
	EndProjectSection
EndProject
Global
	GlobalSection(SolutionConfigurationPlatforms) = preSolution
		Debug|Any CPU = Debug|Any CPU
		Release|Any CPU = Release|Any CPU
	EndGlobalSection
	GlobalSection(ProjectConfigurationPlatforms) = postSolution
		{6132ADCA-8E57-4A69-A263-1C06D2AE40DA}.Debug|Any CPU.ActiveCfg = Debug|Any CPU
		{6132ADCA-8E57-4A69-A263-1C06D2AE40DA}.Debug|Any CPU.Build.0 = Debug|Any CPU
		{6132ADCA-8E57-4A69-A263-1C06D2AE40DA}.Release|Any CPU.ActiveCfg = Release|Any CPU
		{6132ADCA-8E57-4A69-A263-1C06D2AE40DA}.Release|Any CPU.Build.0 = Release|Any CPU
		{DEAB343E-EE30-4666-8BFE-2170569FFF0E}.Debug|Any CPU.ActiveCfg = Debug|Any CPU
		{DEAB343E-EE30-4666-8BFE-2170569FFF0E}.Debug|Any CPU.Build.0 = Debug|Any CPU
		{DEAB343E-EE30-4666-8BFE-2170569FFF0E}.Release|Any CPU.ActiveCfg = Release|Any CPU
		{DEAB343E-EE30-4666-8BFE-2170569FFF0E}.Release|Any CPU.Build.0 = Release|Any CPU
		{23477F75-C991-4825-9F50-C72A95F8ECC7}.Debug|Any CPU.ActiveCfg = Debug|Any CPU
		{23477F75-C991-4825-9F50-C72A95F8ECC7}.Debug|Any CPU.Build.0 = Debug|Any CPU
		{23477F75-C991-4825-9F50-C72A95F8ECC7}.Release|Any CPU.ActiveCfg = Release|Any CPU
		{23477F75-C991-4825-9F50-C72A95F8ECC7}.Release|Any CPU.Build.0 = Release|Any CPU
	EndGlobalSection
	GlobalSection(SolutionProperties) = preSolution
		HideSolutionNode = FALSE
	EndGlobalSection
EndGlobal
